Microsoft Visual Studio Solution File, Format Version 10.00
# Visual Studio 2008
Project("{8BC9CEB8-8B4A-11D0-8D11-00A0C91BC942}") = "sample_event_flag", "sample_event_flag.vcproj", "{18ADFC52-8FB6-43B9-87A9-48D387F96B45}"
	ProjectSection(ProjectDependencies) = postProject
		{0C47DF77-DCBF-41CB-B223-715CA2E66298} = {0C47DF77-DCBF-41CB-B223-715CA2E66298}
		{708D04B4-774C-43BF-80CD-9B00D03733B0} = {708D04B4-774C-43BF-80CD-9B00D03733B0}
	EndProjectSection
EndProject
Project("{8BC9CEB8-8B4A-11D0-8D11-00A0C91BC942}") = "event_flag_task_alpha.spu", "task\event_flag_task_alpha.spu.vcproj", "{708D04B4-774C-43BF-80CD-9B00D03733B0}"
EndProject
Project("{8BC9CEB8-8B4A-11D0-8D11-00A0C91BC942}") = "event_flag_task_beta.spu", "task\event_flag_task_beta.spu.vcproj", "{0C47DF77-DCBF-41CB-B223-715CA2E66298}"
EndProject
Global
	GlobalSection(SolutionConfigurationPlatforms) = preSolution
		PS3 Debug|Win32 = PS3 Debug|Win32
		PS3 Release|Win32 = PS3 Release|Win32
		PS3 SNC Debug|Win32 = PS3 SNC Debug|Win32
		PS3 SNC Release|Win32 = PS3 SNC Release|Win32
	EndGlobalSection
	GlobalSection(ProjectConfigurationPlatforms) = postSolution
		{18ADFC52-8FB6-43B9-87A9-48D387F96B45}.PS3 Debug|Win32.ActiveCfg = PS3 Debug|Win32
		{18ADFC52-8FB6-43B9-87A9-48D387F96B45}.PS3 Debug|Win32.Build.0 = PS3 Debug|Win32
		{18ADFC52-8FB6-43B9-87A9-48D387F96B45}.PS3 Release|Win32.ActiveCfg = PS3 Release|Win32
		{18ADFC52-8FB6-43B9-87A9-48D387F96B45}.PS3 Release|Win32.Build.0 = PS3 Release|Win32
		{18ADFC52-8FB6-43B9-87A9-48D387F96B45}.PS3 SNC Debug|Win32.ActiveCfg = PS3 SNC Debug|Win32
		{18ADFC52-8FB6-43B9-87A9-48D387F96B45}.PS3 SNC Debug|Win32.Build.0 = PS3 SNC Debug|Win32
		{18ADFC52-8FB6-43B9-87A9-48D387F96B45}.PS3 SNC Release|Win32.ActiveCfg = PS3 SNC Release|Win32
		{18ADFC52-8FB6-43B9-87A9-48D387F96B45}.PS3 SNC Release|Win32.Build.0 = PS3 SNC Release|Win32
		{708D04B4-774C-43BF-80CD-9B00D03733B0}.PS3 Debug|Win32.ActiveCfg = PS3 Debug|Win32
		{708D04B4-774C-43BF-80CD-9B00D03733B0}.PS3 Debug|Win32.Build.0 = PS3 Debug|Win32
		{708D04B4-774C-43BF-80CD-9B00D03733B0}.PS3 Release|Win32.ActiveCfg = PS3 Release|Win32
		{708D04B4-774C-43BF-80CD-9B00D03733B0}.PS3 Release|Win32.Build.0 = PS3 Release|Win32
		{708D04B4-774C-43BF-80CD-9B00D03733B0}.PS3 SNC Debug|Win32.ActiveCfg = PS3 Debug|Win32
		{708D04B4-774C-43BF-80CD-9B00D03733B0}.PS3 SNC Debug|Win32.Build.0 = PS3 Debug|Win32
		{708D04B4-774C-43BF-80CD-9B00D03733B0}.PS3 SNC Release|Win32.ActiveCfg = PS3 Release|Win32
		{708D04B4-774C-43BF-80CD-9B00D03733B0}.PS3 SNC Release|Win32.Build.0 = PS3 Release|Win32
		{0C47DF77-DCBF-41CB-B223-715CA2E66298}.PS3 Debug|Win32.ActiveCfg = PS3 Debug|Win32
		{0C47DF77-DCBF-41CB-B223-715CA2E66298}.PS3 Debug|Win32.Build.0 = PS3 Debug|Win32
		{0C47DF77-DCBF-41CB-B223-715CA2E66298}.PS3 Release|Win32.ActiveCfg = PS3 Release|Win32
		{0C47DF77-DCBF-41CB-B223-715CA2E66298}.PS3 Release|Win32.Build.0 = PS3 Release|Win32
		{0C47DF77-DCBF-41CB-B223-715CA2E66298}.PS3 SNC Debug|Win32.ActiveCfg = PS3 Debug|Win32
		{0C47DF77-DCBF-41CB-B223-715CA2E66298}.PS3 SNC Debug|Win32.Build.0 = PS3 Debug|Win32
		{0C47DF77-DCBF-41CB-B223-715CA2E66298}.PS3 SNC Release|Win32.ActiveCfg = PS3 Release|Win32
		{0C47DF77-DCBF-41CB-B223-715CA2E66298}.PS3 SNC Release|Win32.Build.0 = PS3 Release|Win32
	EndGlobalSection
	GlobalSection(SolutionProperties) = preSolution
		HideSolutionNode = FALSE
	EndGlobalSection
EndGlobal
