
Microsoft Visual Studio Solution File, Format Version 11.00
# Visual Studio 2010
Project("{8BC9CEB8-8B4A-11D0-8D11-00A0C91BC942}") = "PS3_PPU_Project1", "PS3_PPU_Project1\PS3_PPU_Project1.vcxproj", "{61441C2D-CD4C-4D6C-9682-1B43C5A0CC58}"
EndProject
Global
	GlobalSection(SolutionConfigurationPlatforms) = preSolution
		Debug|PS3 = Debug|PS3
		Release|PS3 = Release|PS3
	EndGlobalSection
	GlobalSection(ProjectConfigurationPlatforms) = postSolution
		{61441C2D-CD4C-4D6C-9682-1B43C5A0CC58}.Debug|PS3.ActiveCfg = Debug|PS3
		{61441C2D-CD4C-4D6C-9682-1B43C5A0CC58}.Debug|PS3.Build.0 = Debug|PS3
		{61441C2D-CD4C-4D6C-9682-1B43C5A0CC58}.Release|PS3.ActiveCfg = Release|PS3
		{61441C2D-CD4C-4D6C-9682-1B43C5A0CC58}.Release|PS3.Build.0 = Release|PS3
	EndGlobalSection
	GlobalSection(SolutionProperties) = preSolution
		HideSolutionNode = FALSE
	EndGlobalSection
EndGlobal
