Microsoft Visual Studio Solution File, Format Version 11.00
# Visual Studio 2010
Project("{8BC9CEB8-8B4A-11D0-8D11-00A0C91BC942}") = "ppu", "ppu\ppu.vcxproj", "{99A6172A-93CF-4D66-90B3-D251E913BD8F}"
	ProjectSection(ProjectDependencies) = postProject
		{C60E215F-5374-404B-9229-8FFA55D3680E} = {C60E215F-5374-404B-9229-8FFA55D3680E}
	EndProjectSection
EndProject
Project("{8BC9CEB8-8B4A-11D0-8D11-00A0C91BC942}") = "spurs_task_render", "spu\spurstask\render\spurs_task_render.vcxproj", "{0E76DA9B-D3C1-49BA-AFA7-B69F7842E488}"
EndProject
Project("{8BC9CEB8-8B4A-11D0-8D11-00A0C91BC942}") = "common", "common.vcxproj", "{2D8B69DE-B8FC-4B0B-AE20-216E23417438}"
EndProject
Project("{8BC9CEB8-8B4A-11D0-8D11-00A0C91BC942}") = "shader", "shader\shader.vcxproj", "{C60E215F-5374-404B-9229-8FFA55D3680E}"
EndProject
Global
	GlobalSection(SolutionConfigurationPlatforms) = preSolution
		PS3 Debug|PS3 = PS3 Debug|PS3
		PS3 Debug|Win32 = PS3 Debug|Win32
		PS3 Release|PS3 = PS3 Release|PS3
		PS3 Release|Win32 = PS3 Release|Win32
		PS3 SNC Debug|PS3 = PS3 SNC Debug|PS3
		PS3 SNC Debug|Win32 = PS3 SNC Debug|Win32
		PS3 SNC Release|PS3 = PS3 SNC Release|PS3
		PS3 SNC Release|Win32 = PS3 SNC Release|Win32
	EndGlobalSection
	GlobalSection(ProjectConfigurationPlatforms) = postSolution
		{99A6172A-93CF-4D66-90B3-D251E913BD8F}.PS3 Debug|PS3.ActiveCfg = debug|PS3
		{99A6172A-93CF-4D66-90B3-D251E913BD8F}.PS3 Debug|PS3.Build.0 = debug|PS3
		{99A6172A-93CF-4D66-90B3-D251E913BD8F}.PS3 Debug|Win32.ActiveCfg = debug|PS3
		{99A6172A-93CF-4D66-90B3-D251E913BD8F}.PS3 Release|PS3.ActiveCfg = release|PS3
		{99A6172A-93CF-4D66-90B3-D251E913BD8F}.PS3 Release|PS3.Build.0 = release|PS3
		{99A6172A-93CF-4D66-90B3-D251E913BD8F}.PS3 Release|Win32.ActiveCfg = release|PS3
		{99A6172A-93CF-4D66-90B3-D251E913BD8F}.PS3 SNC Debug|PS3.ActiveCfg = debug_SNC|PS3
		{99A6172A-93CF-4D66-90B3-D251E913BD8F}.PS3 SNC Debug|PS3.Build.0 = debug_SNC|PS3
		{99A6172A-93CF-4D66-90B3-D251E913BD8F}.PS3 SNC Debug|Win32.ActiveCfg = debug|PS3
		{99A6172A-93CF-4D66-90B3-D251E913BD8F}.PS3 SNC Release|PS3.ActiveCfg = release_SNC|PS3
		{99A6172A-93CF-4D66-90B3-D251E913BD8F}.PS3 SNC Release|PS3.Build.0 = release_SNC|PS3
		{99A6172A-93CF-4D66-90B3-D251E913BD8F}.PS3 SNC Release|Win32.ActiveCfg = debug|PS3
		{0E76DA9B-D3C1-49BA-AFA7-B69F7842E488}.PS3 Debug|PS3.ActiveCfg = debug|PS3
		{0E76DA9B-D3C1-49BA-AFA7-B69F7842E488}.PS3 Debug|PS3.Build.0 = debug|PS3
		{0E76DA9B-D3C1-49BA-AFA7-B69F7842E488}.PS3 Debug|Win32.ActiveCfg = debug|PS3
		{0E76DA9B-D3C1-49BA-AFA7-B69F7842E488}.PS3 Release|PS3.ActiveCfg = release|PS3
		{0E76DA9B-D3C1-49BA-AFA7-B69F7842E488}.PS3 Release|PS3.Build.0 = release|PS3
		{0E76DA9B-D3C1-49BA-AFA7-B69F7842E488}.PS3 Release|Win32.ActiveCfg = release|PS3
		{0E76DA9B-D3C1-49BA-AFA7-B69F7842E488}.PS3 SNC Debug|PS3.ActiveCfg = debug|PS3
		{0E76DA9B-D3C1-49BA-AFA7-B69F7842E488}.PS3 SNC Debug|PS3.Build.0 = debug|PS3
		{0E76DA9B-D3C1-49BA-AFA7-B69F7842E488}.PS3 SNC Debug|Win32.ActiveCfg = debug|PS3
		{0E76DA9B-D3C1-49BA-AFA7-B69F7842E488}.PS3 SNC Release|PS3.ActiveCfg = release|PS3
		{0E76DA9B-D3C1-49BA-AFA7-B69F7842E488}.PS3 SNC Release|PS3.Build.0 = release|PS3
		{0E76DA9B-D3C1-49BA-AFA7-B69F7842E488}.PS3 SNC Release|Win32.ActiveCfg = debug|PS3
		{2D8B69DE-B8FC-4B0B-AE20-216E23417438}.PS3 Debug|PS3.ActiveCfg = all|Win32
		{2D8B69DE-B8FC-4B0B-AE20-216E23417438}.PS3 Debug|Win32.ActiveCfg = all|Win32
		{2D8B69DE-B8FC-4B0B-AE20-216E23417438}.PS3 Release|PS3.ActiveCfg = all|Win32
		{2D8B69DE-B8FC-4B0B-AE20-216E23417438}.PS3 Release|Win32.ActiveCfg = all|Win32
		{2D8B69DE-B8FC-4B0B-AE20-216E23417438}.PS3 SNC Debug|PS3.ActiveCfg = all|Win32
		{2D8B69DE-B8FC-4B0B-AE20-216E23417438}.PS3 SNC Debug|Win32.ActiveCfg = all|Win32
		{2D8B69DE-B8FC-4B0B-AE20-216E23417438}.PS3 SNC Release|PS3.ActiveCfg = all|Win32
		{2D8B69DE-B8FC-4B0B-AE20-216E23417438}.PS3 SNC Release|Win32.ActiveCfg = all|Win32
		{C60E215F-5374-404B-9229-8FFA55D3680E}.PS3 Debug|PS3.ActiveCfg = release|Win32
		{C60E215F-5374-404B-9229-8FFA55D3680E}.PS3 Debug|PS3.Build.0 = release|Win32
		{C60E215F-5374-404B-9229-8FFA55D3680E}.PS3 Debug|Win32.ActiveCfg = debug|Win32
		{C60E215F-5374-404B-9229-8FFA55D3680E}.PS3 Debug|Win32.Build.0 = debug|Win32
		{C60E215F-5374-404B-9229-8FFA55D3680E}.PS3 Release|PS3.ActiveCfg = release|Win32
		{C60E215F-5374-404B-9229-8FFA55D3680E}.PS3 Release|PS3.Build.0 = release|Win32
		{C60E215F-5374-404B-9229-8FFA55D3680E}.PS3 Release|Win32.ActiveCfg = release|Win32
		{C60E215F-5374-404B-9229-8FFA55D3680E}.PS3 SNC Debug|PS3.ActiveCfg = release|Win32
		{C60E215F-5374-404B-9229-8FFA55D3680E}.PS3 SNC Debug|PS3.Build.0 = release|Win32
		{C60E215F-5374-404B-9229-8FFA55D3680E}.PS3 SNC Debug|Win32.ActiveCfg = release|Win32
		{C60E215F-5374-404B-9229-8FFA55D3680E}.PS3 SNC Release|PS3.ActiveCfg = release|Win32
		{C60E215F-5374-404B-9229-8FFA55D3680E}.PS3 SNC Release|PS3.Build.0 = release|Win32
		{C60E215F-5374-404B-9229-8FFA55D3680E}.PS3 SNC Release|Win32.ActiveCfg = release|Win32
	EndGlobalSection
	GlobalSection(SolutionProperties) = preSolution
		HideSolutionNode = FALSE
	EndGlobalSection
EndGlobal
