<?xml version="1.0" encoding="utf-8"?>
<Project ToolsVersion="4.0" xmlns="http://schemas.microsoft.com/developer/msbuild/2003">
  <ItemGroup>
    <Filter Include="Source Files">
      <UniqueIdentifier>{aa1b95a3-b1e7-494a-9491-5e2d3b16962e}</UniqueIdentifier>
      <Extensions>cpp;c;cxx;cc;s;asm</Extensions>
    </Filter>
    <Filter Include="Header Files">
      <UniqueIdentifier>{9f80985e-8e9f-4f40-b2b0-8f1cbc02d450}</UniqueIdentifier>
      <Extensions>h;hpp</Extensions>
    </Filter>
  </ItemGroup>
  <ItemGroup>
    <ClCompile Include="patch_object_sort.cpp">
      <Filter>Source Files</Filter>
    </ClCompile>
    <ClCompile Include="pointer_sort.cpp">
      <Filter>Source Files</Filter>
    </ClCompile>
    <ClCompile Include="spurs_task.cpp">
      <Filter>Source Files</Filter>
    </ClCompile>
  </ItemGroup>
  <ItemGroup>
    <ClInclude Include="linked_list_sort.h">
      <Filter>Header Files</Filter>
    </ClInclude>
  </ItemGroup>
</Project>