<?xml version="1.0" encoding="utf-8"?>
<Project ToolsVersion="4.0" xmlns="http://schemas.microsoft.com/developer/msbuild/2003">
  <ItemGroup>
    <Filter Include="Source Files">
      <UniqueIdentifier>{36e6722b-7540-48bd-92da-7242611d058a}</UniqueIdentifier>
      <Extensions>cpp;c;cxx;cc;s;asm</Extensions>
    </Filter>
    <Filter Include="Header Files">
      <UniqueIdentifier>{ec0c124a-7c9f-4cd5-894b-f8746e904c5d}</UniqueIdentifier>
      <Extensions>h;hpp</Extensions>
    </Filter>
    <Filter Include="Cg Files">
      <UniqueIdentifier>{0b3317f7-068c-4557-9d16-9008ab64c4ea}</UniqueIdentifier>
    </Filter>
  </ItemGroup>
  <ItemGroup>
    <ClCompile Include="fonts.c">
      <Filter>Source Files</Filter>
    </ClCompile>
    <ClCompile Include="fonts_bitmap.c">
      <Filter>Source Files</Filter>
    </ClCompile>
    <ClCompile Include="fonts_graphics.c">
      <Filter>Source Files</Filter>
    </ClCompile>
    <ClCompile Include="fonts_render.c">
      <Filter>Source Files</Filter>
    </ClCompile>
    <ClCompile Include="SampleApp.cpp">
      <Filter>Source Files</Filter>
    </ClCompile>
  </ItemGroup>
  <ItemGroup>
    <ClInclude Include="fonts.h">
      <Filter>Header Files</Filter>
    </ClInclude>
    <ClInclude Include="fonts_bitmap.h">
      <Filter>Header Files</Filter>
    </ClInclude>
    <ClInclude Include="fonts_graphics.h">
      <Filter>Header Files</Filter>
    </ClInclude>
    <ClInclude Include="SampleApp.h">
      <Filter>Header Files</Filter>
    </ClInclude>
  </ItemGroup>
  <ItemGroup>
    <CustomBuild Include="fpshader.cg">
      <Filter>Cg Files</Filter>
    </CustomBuild>
    <CustomBuild Include="vpshader.cg">
      <Filter>Cg Files</Filter>
    </CustomBuild>
  </ItemGroup>
</Project>