<?xml version="1.0" encoding="utf-8"?>
<Project ToolsVersion="4.0" xmlns="http://schemas.microsoft.com/developer/msbuild/2003">
  <ItemGroup>
    <Filter Include="Source Files">
      <UniqueIdentifier>{8531d1a7-a7b9-4fbe-9c20-29da7753b33d}</UniqueIdentifier>
      <Extensions>cpp;c;cxx;cc;s;asm</Extensions>
    </Filter>
    <Filter Include="Header Files">
      <UniqueIdentifier>{8b1e907e-a5ec-4557-9bd3-b70e2df8f349}</UniqueIdentifier>
      <Extensions>h;hpp</Extensions>
    </Filter>
  </ItemGroup>
  <ItemGroup>
    <ClCompile Include="bubblesort.c">
      <Filter>Source Files</Filter>
    </ClCompile>
    <ClCompile Include="main.c">
      <Filter>Source Files</Filter>
    </ClCompile>
    <ClCompile Include="quicksort.c">
      <Filter>Source Files</Filter>
    </ClCompile>
    <ClCompile Include="rand_middle_square.c">
      <Filter>Source Files</Filter>
    </ClCompile>
    <ClCompile Include="rand_park_and_miller.c">
      <Filter>Source Files</Filter>
    </ClCompile>
  </ItemGroup>
  <ItemGroup>
    <ClInclude Include="functions.h">
      <Filter>Header Files</Filter>
    </ClInclude>
  </ItemGroup>
</Project>