<?xml version="1.0" encoding="utf-8"?>
<Project ToolsVersion="4.0" xmlns="http://schemas.microsoft.com/developer/msbuild/2003">
  <ItemGroup>
    <Filter Include="Source Files">
      <UniqueIdentifier>{78c1af4c-3a7b-49b2-b51f-9458da08e0eb}</UniqueIdentifier>
      <Extensions>cpp;c;cxx;cc;s;asm</Extensions>
    </Filter>
    <Filter Include="Header Files">
      <UniqueIdentifier>{ee3a47a1-e3f6-4485-b70e-dd035574cc44}</UniqueIdentifier>
      <Extensions>h;hpp</Extensions>
    </Filter>
    <Filter Include="shaders">
      <UniqueIdentifier>{146b8e7d-6f0c-4e6a-8356-41898214bd0e}</UniqueIdentifier>
    </Filter>
  </ItemGroup>
  <ItemGroup>
    <ClCompile Include="main.cpp">
      <Filter>Source Files</Filter>
    </ClCompile>
  </ItemGroup>
  <ItemGroup>
    <CustomBuild Include="..\..\..\..\..\..\sample_data\graphics\shaders\Tutorial\fs_basicFragment.cg">
      <Filter>shaders</Filter>
    </CustomBuild>
    <CustomBuild Include="..\..\..\..\..\..\sample_data\graphics\shaders\Tutorial\vs_basicFragment.cg">
      <Filter>shaders</Filter>
    </CustomBuild>
  </ItemGroup>
</Project>