<?xml version="1.0" encoding="utf-8"?>
<Project ToolsVersion="4.0" xmlns="http://schemas.microsoft.com/developer/msbuild/2003">
  <ItemGroup>
    <Filter Include="Source Files">
      <UniqueIdentifier>{a2844cff-0e71-428b-aefd-f70715b92069}</UniqueIdentifier>
      <Extensions>cpp;c;cxx;cc;s;asm</Extensions>
    </Filter>
    <Filter Include="Header Files">
      <UniqueIdentifier>{0fae70d2-e1be-49a8-a536-09da947cd619}</UniqueIdentifier>
      <Extensions>h;hpp</Extensions>
    </Filter>
  </ItemGroup>
  <ItemGroup>
    <ClCompile Include="duck_spu.cpp">
      <Filter>Source Files</Filter>
    </ClCompile>
  </ItemGroup>
</Project>